
Microsoft Visual Studio Solution File, Format Version 12.00
# Visual Studio 15
VisualStudioVersion = 15.0.28307.329
MinimumVisualStudioVersion = 10.0.40219.1
Project("{FAE04EC0-301F-11D3-BF4B-00C04F79EFBC}") = "class02", "class02\class02.csproj", "{181D2A02-5C7C-442F-B3FD-90D7180D9151}"
EndProject
Global
	GlobalSection(SolutionConfigurationPlatforms) = preSolution
		Debug|Any CPU = Debug|Any CPU
		Release|Any CPU = Release|Any CPU
	EndGlobalSection
	GlobalSection(ProjectConfigurationPlatforms) = postSolution
		{181D2A02-5C7C-442F-B3FD-90D7180D9151}.Debug|Any CPU.ActiveCfg = Debug|Any CPU
		{181D2A02-5C7C-442F-B3FD-90D7180D9151}.Debug|Any CPU.Build.0 = Debug|Any CPU
		{181D2A02-5C7C-442F-B3FD-90D7180D9151}.Release|Any CPU.ActiveCfg = Release|Any CPU
		{181D2A02-5C7C-442F-B3FD-90D7180D9151}.Release|Any CPU.Build.0 = Release|Any CPU
	EndGlobalSection
	GlobalSection(SolutionProperties) = preSolution
		HideSolutionNode = FALSE
	EndGlobalSection
	GlobalSection(ExtensibilityGlobals) = postSolution
		SolutionGuid = {8C3AA766-2731-4859-8BB2-1395105BC89E}
	EndGlobalSection
EndGlobal
